
Microsoft Visual Studio Solution File, Format Version 12.00
# Visual Studio 14
VisualStudioVersion = 14.0.25420.1
MinimumVisualStudioVersion = 10.0.40219.1
Project("{2150E333-8FDC-42A3-9474-1A3956D46DE8}") = "src", "src", "{A4CAABC6-7258-4551-91DE-DAD409417F95}"
EndProject
Project("{2150E333-8FDC-42A3-9474-1A3956D46DE8}") = "Solution Items", "Solution Items", "{16DBADF4-5925-4656-9E62-BBDBE2D95C2D}"
	ProjectSection(SolutionItems) = preProject
		global.json = global.json
	EndProjectSection
EndProject
Project("{8BB2217D-0F2D-49D1-97BC-3654ED321F3B}") = "BethanysPieShop", "src\BethanysPieShop\BethanysPieShop.xproj", "{BEF34031-7853-4165-93E8-11573B03FDCA}"
EndProject
Global
	GlobalSection(SolutionConfigurationPlatforms) = preSolution
		Debug|Any CPU = Debug|Any CPU
		Release|Any CPU = Release|Any CPU
	EndGlobalSection
	GlobalSection(ProjectConfigurationPlatforms) = postSolution
		{BEF34031-7853-4165-93E8-11573B03FDCA}.Debug|Any CPU.ActiveCfg = Debug|Any CPU
		{BEF34031-7853-4165-93E8-11573B03FDCA}.Debug|Any CPU.Build.0 = Debug|Any CPU
		{BEF34031-7853-4165-93E8-11573B03FDCA}.Release|Any CPU.ActiveCfg = Release|Any CPU
		{BEF34031-7853-4165-93E8-11573B03FDCA}.Release|Any CPU.Build.0 = Release|Any CPU
	EndGlobalSection
	GlobalSection(SolutionProperties) = preSolution
		HideSolutionNode = FALSE
	EndGlobalSection
	GlobalSection(NestedProjects) = preSolution
		{BEF34031-7853-4165-93E8-11573B03FDCA} = {A4CAABC6-7258-4551-91DE-DAD409417F95}
	EndGlobalSection
EndGlobal
